<?xml version="1.0" encoding="utf-8"?>
<Project ToolsVersion="4.0" xmlns="http://schemas.microsoft.com/developer/msbuild/2003">
  <ItemGroup>
    <Filter Include="Framework">
      <UniqueIdentifier>{4FC737F1-C7A5-4376-A066-2A32D752A2FF}</UniqueIdentifier>
      <Extensions>cpp;c;cc;cxx;def;odl;idl;hpj;bat;asm;asmx</Extensions>
    </Filter>
    <Filter Include="Data">
      <UniqueIdentifier>{b4204586-61ca-42c8-b1ae-0f9f3c66982d}</UniqueIdentifier>
    </Filter>
    <Filter Include="Data\Gameplay">
      <UniqueIdentifier>{c91a7c1f-0c87-4c6d-bfea-b9b881719014}</UniqueIdentifier>
    </Filter>
    <Filter Include="Data\Maps">
      <UniqueIdentifier>{f4db0780-bcd7-41c5-a8fc-393d93529de5}</UniqueIdentifier>
    </Filter>
    <Filter Include="Framework\Scripting">
      <UniqueIdentifier>{15964794-2934-4558-b88a-035e9ebea62d}</UniqueIdentifier>
    </Filter>
  </ItemGroup>
  <ItemGroup>
    <ClCompile Include="Main_Windows.cpp">
      <Filter>Framework</Filter>
    </ClCompile>
    <ClCompile Include="App.cpp">
      <Filter>Framework</Filter>
    </ClCompile>
    <ClCompile Include="Game.cpp">
      <Filter>Framework</Filter>
    </ClCompile>
    <ClCompile Include="Entity.cpp">
      <Filter>Framework</Filter>
    </ClCompile>
    <ClCompile Include="GameCommon.cpp">
      <Filter>Framework</Filter>
    </ClCompile>
    <ClCompile Include="Map.cpp">
      <Filter>Framework</Filter>
    </ClCompile>
    <ClCompile Include="Tile.cpp">
      <Filter>Framework</Filter>
    </ClCompile>
    <ClCompile Include="World.cpp">
      <Filter>Framework</Filter>
    </ClCompile>
    <ClCompile Include="TileDefinition.cpp">
      <Filter>Framework</Filter>
    </ClCompile>
    <ClCompile Include="Actor.cpp">
      <Filter>Framework</Filter>
    </ClCompile>
    <ClCompile Include="EntityDefinition.cpp">
      <Filter>Framework</Filter>
    </ClCompile>
    <ClCompile Include="MapData.cpp">
      <Filter>Framework</Filter>
    </ClCompile>
    <ClCompile Include="TileMap.cpp">
      <Filter>Framework</Filter>
    </ClCompile>
    <ClCompile Include="SpriteAnimationSetDefinition.cpp">
      <Filter>Framework</Filter>
    </ClCompile>
    <ClCompile Include="TileMaterialDefinition.cpp">
      <Filter>Framework</Filter>
    </ClCompile>
    <ClCompile Include="Portal.cpp">
      <Filter>Framework</Filter>
    </ClCompile>
    <ClCompile Include="Projectile.cpp">
      <Filter>Framework</Filter>
    </ClCompile>
    <ClCompile Include="Scripting\ZephyrScript.cpp">
      <Filter>Framework\Scripting</Filter>
    </ClCompile>
    <ClCompile Include="Scripting\GameAPI.cpp">
      <Filter>Framework\Scripting</Filter>
    </ClCompile>
    <ClCompile Include="Scripting\ZephyrScriptDefinition.cpp">
      <Filter>Framework\Scripting</Filter>
    </ClCompile>
    <ClCompile Include="Scripting\ZephyrCompiler.cpp">
      <Filter>Framework\Scripting</Filter>
    </ClCompile>
    <ClCompile Include="Scripting\ZephyrToken.cpp">
      <Filter>Framework\Scripting</Filter>
    </ClCompile>
    <ClCompile Include="Scripting\ZephyrCommon.cpp">
      <Filter>Framework\Scripting</Filter>
    </ClCompile>
    <ClCompile Include="Scripting\ZephyrScanner.cpp">
      <Filter>Framework\Scripting</Filter>
    </ClCompile>
    <ClCompile Include="Scripting\ZephyrBytecodeChunk.cpp">
      <Filter>Framework\Scripting</Filter>
    </ClCompile>
    <ClCompile Include="Scripting\ZephyrParser.cpp">
      <Filter>Framework\Scripting</Filter>
    </ClCompile>
  </ItemGroup>
  <ItemGroup>
    <ClInclude Include="App.hpp">
      <Filter>Framework</Filter>
    </ClInclude>
    <ClInclude Include="GameCommon.hpp">
      <Filter>Framework</Filter>
    </ClInclude>
    <ClInclude Include="Game.hpp">
      <Filter>Framework</Filter>
    </ClInclude>
    <ClInclude Include="Entity.hpp">
      <Filter>Framework</Filter>
    </ClInclude>
    <ClInclude Include="Map.hpp">
      <Filter>Framework</Filter>
    </ClInclude>
    <ClInclude Include="Tile.hpp">
      <Filter>Framework</Filter>
    </ClInclude>
    <ClInclude Include="World.hpp">
      <Filter>Framework</Filter>
    </ClInclude>
    <ClInclude Include="EngineBuildPreferences.hpp">
      <Filter>Framework</Filter>
    </ClInclude>
    <ClInclude Include="TileDefinition.hpp">
      <Filter>Framework</Filter>
    </ClInclude>
    <ClInclude Include="Actor.hpp">
      <Filter>Framework</Filter>
    </ClInclude>
    <ClInclude Include="EntityDefinition.hpp">
      <Filter>Framework</Filter>
    </ClInclude>
    <ClInclude Include="TileMap.hpp">
      <Filter>Framework</Filter>
    </ClInclude>
    <ClInclude Include="MapData.hpp">
      <Filter>Framework</Filter>
    </ClInclude>
    <ClInclude Include="SpriteAnimationSetDefinition.hpp">
      <Filter>Framework</Filter>
    </ClInclude>
    <ClInclude Include="TileMaterialDefinition.hpp">
      <Filter>Framework</Filter>
    </ClInclude>
    <ClInclude Include="Portal.hpp">
      <Filter>Framework</Filter>
    </ClInclude>
    <ClInclude Include="Projectile.hpp">
      <Filter>Framework</Filter>
    </ClInclude>
    <ClInclude Include="Scripting\ZephyrScript.hpp">
      <Filter>Framework\Scripting</Filter>
    </ClInclude>
    <ClInclude Include="Scripting\GameAPI.hpp">
      <Filter>Framework\Scripting</Filter>
    </ClInclude>
    <ClInclude Include="Scripting\ZephyrScriptDefinition.hpp">
      <Filter>Framework\Scripting</Filter>
    </ClInclude>
    <ClInclude Include="Scripting\ZephyrCompiler.hpp">
      <Filter>Framework\Scripting</Filter>
    </ClInclude>
    <ClInclude Include="Scripting\ZephyrCommon.hpp">
      <Filter>Framework\Scripting</Filter>
    </ClInclude>
    <ClInclude Include="Scripting\ZephyrToken.hpp">
      <Filter>Framework\Scripting</Filter>
    </ClInclude>
    <ClInclude Include="Scripting\ZephyrScanner.hpp">
      <Filter>Framework\Scripting</Filter>
    </ClInclude>
    <ClInclude Include="Scripting\ZephyrBytecodeChunk.hpp">
      <Filter>Framework\Scripting</Filter>
    </ClInclude>
    <ClInclude Include="Scripting\ZephyrParser.hpp">
      <Filter>Framework\Scripting</Filter>
    </ClInclude>
  </ItemGroup>
  <ItemGroup>
    <Xml Include="..\..\Run\Data\GameConfig.xml">
      <Filter>Data</Filter>
    </Xml>
    <Xml Include="..\..\Run\Data\Gameplay\TileDefs.xml">
      <Filter>Data\Gameplay</Filter>
    </Xml>
    <Xml Include="..\..\Run\Data\Gameplay\TileMaterialDefs.xml">
      <Filter>Data\Gameplay</Filter>
    </Xml>
    <Xml Include="..\..\Run\Data\Maps\EmptyRoom.xml">
      <Filter>Data\Maps</Filter>
    </Xml>
    <Xml Include="..\..\Run\Data\Gameplay\EntityTypes.xml">
      <Filter>Data\Gameplay</Filter>
    </Xml>
  </ItemGroup>
</Project>