<?xml version="1.0" encoding="utf-8"?>
<Project ToolsVersion="4.0" xmlns="http://schemas.microsoft.com/developer/msbuild/2003">
  <ItemGroup>
    <Filter Include="Framework">
      <UniqueIdentifier>{4FC737F1-C7A5-4376-A066-2A32D752A2FF}</UniqueIdentifier>
      <Extensions>cpp;c;cc;cxx;def;odl;idl;hpj;bat;asm;asmx</Extensions>
    </Filter>
    <Filter Include="Data">
      <UniqueIdentifier>{b4204586-61ca-42c8-b1ae-0f9f3c66982d}</UniqueIdentifier>
    </Filter>
    <Filter Include="Data\Gameplay">
      <UniqueIdentifier>{c91a7c1f-0c87-4c6d-bfea-b9b881719014}</UniqueIdentifier>
    </Filter>
    <Filter Include="ThirdParty">
      <UniqueIdentifier>{f0de08a0-8e4c-4924-9900-04dc625cd6dc}</UniqueIdentifier>
    </Filter>
    <Filter Include="ThirdParty\lua">
      <UniqueIdentifier>{7ac70e80-3609-4648-aaa6-7e848bf785c3}</UniqueIdentifier>
    </Filter>
    <Filter Include="Scripting">
      <UniqueIdentifier>{a6490b6f-0e35-4ed2-8b0b-a0b967e0a157}</UniqueIdentifier>
    </Filter>
  </ItemGroup>
  <ItemGroup>
    <ClCompile Include="Main_Windows.cpp">
      <Filter>Framework</Filter>
    </ClCompile>
    <ClCompile Include="App.cpp">
      <Filter>Framework</Filter>
    </ClCompile>
    <ClCompile Include="Game.cpp">
      <Filter>Framework</Filter>
    </ClCompile>
    <ClCompile Include="Entity.cpp">
      <Filter>Framework</Filter>
    </ClCompile>
    <ClCompile Include="GameCommon.cpp">
      <Filter>Framework</Filter>
    </ClCompile>
    <ClCompile Include="Map.cpp">
      <Filter>Framework</Filter>
    </ClCompile>
    <ClCompile Include="Tile.cpp">
      <Filter>Framework</Filter>
    </ClCompile>
    <ClCompile Include="World.cpp">
      <Filter>Framework</Filter>
    </ClCompile>
    <ClCompile Include="TileDefinition.cpp">
      <Filter>Framework</Filter>
    </ClCompile>
    <ClCompile Include="MapDefinition.cpp">
      <Filter>Framework</Filter>
    </ClCompile>
    <ClCompile Include="Actor.cpp">
      <Filter>Framework</Filter>
    </ClCompile>
    <ClCompile Include="ActorDefinition.cpp">
      <Filter>Framework</Filter>
    </ClCompile>
    <ClCompile Include="EntityDefinition.cpp">
      <Filter>Framework</Filter>
    </ClCompile>
    <ClCompile Include="GameObject.cpp">
      <Filter>Framework</Filter>
    </ClCompile>
    <ClCompile Include="InteractableSwitch.cpp">
      <Filter>Framework</Filter>
    </ClCompile>
    <ClCompile Include="MovingObstacle.cpp">
      <Filter>Framework</Filter>
    </ClCompile>
    <ClCompile Include="..\ThirdParty\lua-5.3.5\src\lapi.c">
      <Filter>ThirdParty\lua</Filter>
    </ClCompile>
    <ClCompile Include="..\ThirdParty\lua-5.3.5\src\lauxlib.c">
      <Filter>ThirdParty\lua</Filter>
    </ClCompile>
    <ClCompile Include="..\ThirdParty\lua-5.3.5\src\lbaselib.c">
      <Filter>ThirdParty\lua</Filter>
    </ClCompile>
    <ClCompile Include="..\ThirdParty\lua-5.3.5\src\lbitlib.c">
      <Filter>ThirdParty\lua</Filter>
    </ClCompile>
    <ClCompile Include="..\ThirdParty\lua-5.3.5\src\lcode.c">
      <Filter>ThirdParty\lua</Filter>
    </ClCompile>
    <ClCompile Include="..\ThirdParty\lua-5.3.5\src\lcorolib.c">
      <Filter>ThirdParty\lua</Filter>
    </ClCompile>
    <ClCompile Include="..\ThirdParty\lua-5.3.5\src\lctype.c">
      <Filter>ThirdParty\lua</Filter>
    </ClCompile>
    <ClCompile Include="..\ThirdParty\lua-5.3.5\src\ldblib.c">
      <Filter>ThirdParty\lua</Filter>
    </ClCompile>
    <ClCompile Include="..\ThirdParty\lua-5.3.5\src\ldebug.c">
      <Filter>ThirdParty\lua</Filter>
    </ClCompile>
    <ClCompile Include="..\ThirdParty\lua-5.3.5\src\ldo.c">
      <Filter>ThirdParty\lua</Filter>
    </ClCompile>
    <ClCompile Include="..\ThirdParty\lua-5.3.5\src\ldump.c">
      <Filter>ThirdParty\lua</Filter>
    </ClCompile>
    <ClCompile Include="..\ThirdParty\lua-5.3.5\src\lfunc.c">
      <Filter>ThirdParty\lua</Filter>
    </ClCompile>
    <ClCompile Include="..\ThirdParty\lua-5.3.5\src\lgc.c">
      <Filter>ThirdParty\lua</Filter>
    </ClCompile>
    <ClCompile Include="..\ThirdParty\lua-5.3.5\src\linit.c">
      <Filter>ThirdParty\lua</Filter>
    </ClCompile>
    <ClCompile Include="..\ThirdParty\lua-5.3.5\src\liolib.c">
      <Filter>ThirdParty\lua</Filter>
    </ClCompile>
    <ClCompile Include="..\ThirdParty\lua-5.3.5\src\llex.c">
      <Filter>ThirdParty\lua</Filter>
    </ClCompile>
    <ClCompile Include="..\ThirdParty\lua-5.3.5\src\lmathlib.c">
      <Filter>ThirdParty\lua</Filter>
    </ClCompile>
    <ClCompile Include="..\ThirdParty\lua-5.3.5\src\lmem.c">
      <Filter>ThirdParty\lua</Filter>
    </ClCompile>
    <ClCompile Include="..\ThirdParty\lua-5.3.5\src\loadlib.c">
      <Filter>ThirdParty\lua</Filter>
    </ClCompile>
    <ClCompile Include="..\ThirdParty\lua-5.3.5\src\lobject.c">
      <Filter>ThirdParty\lua</Filter>
    </ClCompile>
    <ClCompile Include="..\ThirdParty\lua-5.3.5\src\lopcodes.c">
      <Filter>ThirdParty\lua</Filter>
    </ClCompile>
    <ClCompile Include="..\ThirdParty\lua-5.3.5\src\loslib.c">
      <Filter>ThirdParty\lua</Filter>
    </ClCompile>
    <ClCompile Include="..\ThirdParty\lua-5.3.5\src\lparser.c">
      <Filter>ThirdParty\lua</Filter>
    </ClCompile>
    <ClCompile Include="..\ThirdParty\lua-5.3.5\src\lstate.c">
      <Filter>ThirdParty\lua</Filter>
    </ClCompile>
    <ClCompile Include="..\ThirdParty\lua-5.3.5\src\lstring.c">
      <Filter>ThirdParty\lua</Filter>
    </ClCompile>
    <ClCompile Include="..\ThirdParty\lua-5.3.5\src\lstrlib.c">
      <Filter>ThirdParty\lua</Filter>
    </ClCompile>
    <ClCompile Include="..\ThirdParty\lua-5.3.5\src\ltable.c">
      <Filter>ThirdParty\lua</Filter>
    </ClCompile>
    <ClCompile Include="..\ThirdParty\lua-5.3.5\src\ltablib.c">
      <Filter>ThirdParty\lua</Filter>
    </ClCompile>
    <ClCompile Include="..\ThirdParty\lua-5.3.5\src\ltm.c">
      <Filter>ThirdParty\lua</Filter>
    </ClCompile>
    <ClCompile Include="..\ThirdParty\lua-5.3.5\src\lua.c">
      <Filter>ThirdParty\lua</Filter>
    </ClCompile>
    <ClCompile Include="..\ThirdParty\lua-5.3.5\src\lundump.c">
      <Filter>ThirdParty\lua</Filter>
    </ClCompile>
    <ClCompile Include="..\ThirdParty\lua-5.3.5\src\lutf8lib.c">
      <Filter>ThirdParty\lua</Filter>
    </ClCompile>
    <ClCompile Include="..\ThirdParty\lua-5.3.5\src\lvm.c">
      <Filter>ThirdParty\lua</Filter>
    </ClCompile>
    <ClCompile Include="..\ThirdParty\lua-5.3.5\src\lzio.c">
      <Filter>ThirdParty\lua</Filter>
    </ClCompile>
  </ItemGroup>
  <ItemGroup>
    <ClInclude Include="App.hpp">
      <Filter>Framework</Filter>
    </ClInclude>
    <ClInclude Include="GameCommon.hpp">
      <Filter>Framework</Filter>
    </ClInclude>
    <ClInclude Include="Game.hpp">
      <Filter>Framework</Filter>
    </ClInclude>
    <ClInclude Include="Entity.hpp">
      <Filter>Framework</Filter>
    </ClInclude>
    <ClInclude Include="Map.hpp">
      <Filter>Framework</Filter>
    </ClInclude>
    <ClInclude Include="Tile.hpp">
      <Filter>Framework</Filter>
    </ClInclude>
    <ClInclude Include="World.hpp">
      <Filter>Framework</Filter>
    </ClInclude>
    <ClInclude Include="EngineBuildPreferences.hpp">
      <Filter>Framework</Filter>
    </ClInclude>
    <ClInclude Include="TileDefinition.hpp">
      <Filter>Framework</Filter>
    </ClInclude>
    <ClInclude Include="MapDefinition.hpp">
      <Filter>Framework</Filter>
    </ClInclude>
    <ClInclude Include="Actor.hpp">
      <Filter>Framework</Filter>
    </ClInclude>
    <ClInclude Include="ActorDefinition.hpp">
      <Filter>Framework</Filter>
    </ClInclude>
    <ClInclude Include="EntityDefinition.hpp">
      <Filter>Framework</Filter>
    </ClInclude>
    <ClInclude Include="GameObject.hpp">
      <Filter>Framework</Filter>
    </ClInclude>
    <ClInclude Include="InteractableSwitch.hpp">
      <Filter>Framework</Filter>
    </ClInclude>
    <ClInclude Include="MovingObstacle.hpp">
      <Filter>Framework</Filter>
    </ClInclude>
    <ClInclude Include="..\ThirdParty\lua-5.3.5\src\lapi.h">
      <Filter>ThirdParty\lua</Filter>
    </ClInclude>
    <ClInclude Include="..\ThirdParty\lua-5.3.5\src\lauxlib.h">
      <Filter>ThirdParty\lua</Filter>
    </ClInclude>
    <ClInclude Include="..\ThirdParty\lua-5.3.5\src\lcode.h">
      <Filter>ThirdParty\lua</Filter>
    </ClInclude>
    <ClInclude Include="..\ThirdParty\lua-5.3.5\src\lctype.h">
      <Filter>ThirdParty\lua</Filter>
    </ClInclude>
    <ClInclude Include="..\ThirdParty\lua-5.3.5\src\ldebug.h">
      <Filter>ThirdParty\lua</Filter>
    </ClInclude>
    <ClInclude Include="..\ThirdParty\lua-5.3.5\src\ldo.h">
      <Filter>ThirdParty\lua</Filter>
    </ClInclude>
    <ClInclude Include="..\ThirdParty\lua-5.3.5\src\lfunc.h">
      <Filter>ThirdParty\lua</Filter>
    </ClInclude>
    <ClInclude Include="..\ThirdParty\lua-5.3.5\src\lgc.h">
      <Filter>ThirdParty\lua</Filter>
    </ClInclude>
    <ClInclude Include="..\ThirdParty\lua-5.3.5\src\llex.h">
      <Filter>ThirdParty\lua</Filter>
    </ClInclude>
    <ClInclude Include="..\ThirdParty\lua-5.3.5\src\llimits.h">
      <Filter>ThirdParty\lua</Filter>
    </ClInclude>
    <ClInclude Include="..\ThirdParty\lua-5.3.5\src\lmem.h">
      <Filter>ThirdParty\lua</Filter>
    </ClInclude>
    <ClInclude Include="..\ThirdParty\lua-5.3.5\src\lobject.h">
      <Filter>ThirdParty\lua</Filter>
    </ClInclude>
    <ClInclude Include="..\ThirdParty\lua-5.3.5\src\lopcodes.h">
      <Filter>ThirdParty\lua</Filter>
    </ClInclude>
    <ClInclude Include="..\ThirdParty\lua-5.3.5\src\lparser.h">
      <Filter>ThirdParty\lua</Filter>
    </ClInclude>
    <ClInclude Include="..\ThirdParty\lua-5.3.5\src\lprefix.h">
      <Filter>ThirdParty\lua</Filter>
    </ClInclude>
    <ClInclude Include="..\ThirdParty\lua-5.3.5\src\lstate.h">
      <Filter>ThirdParty\lua</Filter>
    </ClInclude>
    <ClInclude Include="..\ThirdParty\lua-5.3.5\src\lstring.h">
      <Filter>ThirdParty\lua</Filter>
    </ClInclude>
    <ClInclude Include="..\ThirdParty\lua-5.3.5\src\ltable.h">
      <Filter>ThirdParty\lua</Filter>
    </ClInclude>
    <ClInclude Include="..\ThirdParty\lua-5.3.5\src\ltm.h">
      <Filter>ThirdParty\lua</Filter>
    </ClInclude>
    <ClInclude Include="..\ThirdParty\lua-5.3.5\src\lua.h">
      <Filter>ThirdParty\lua</Filter>
    </ClInclude>
    <ClInclude Include="..\ThirdParty\lua-5.3.5\src\lua.hpp">
      <Filter>ThirdParty\lua</Filter>
    </ClInclude>
    <ClInclude Include="..\ThirdParty\lua-5.3.5\src\luaconf.h">
      <Filter>ThirdParty\lua</Filter>
    </ClInclude>
    <ClInclude Include="..\ThirdParty\lua-5.3.5\src\lualib.h">
      <Filter>ThirdParty\lua</Filter>
    </ClInclude>
    <ClInclude Include="..\ThirdParty\lua-5.3.5\src\lundump.h">
      <Filter>ThirdParty\lua</Filter>
    </ClInclude>
    <ClInclude Include="..\ThirdParty\lua-5.3.5\src\lvm.h">
      <Filter>ThirdParty\lua</Filter>
    </ClInclude>
    <ClInclude Include="..\ThirdParty\lua-5.3.5\src\lzio.h">
      <Filter>ThirdParty\lua</Filter>
    </ClInclude>
  </ItemGroup>
  <ItemGroup>
    <Xml Include="..\..\Run\Data\GameConfig.xml">
      <Filter>Data</Filter>
    </Xml>
    <Xml Include="..\..\Run\Data\Gameplay\ActorDefs.xml">
      <Filter>Data\Gameplay</Filter>
    </Xml>
    <Xml Include="..\..\Run\Data\Gameplay\MapDefs.xml">
      <Filter>Data\Gameplay</Filter>
    </Xml>
    <Xml Include="..\..\Run\Data\Gameplay\TileDefs.xml">
      <Filter>Data\Gameplay</Filter>
    </Xml>
  </ItemGroup>
</Project>