<?xml version="1.0" encoding="utf-8"?>
<Project ToolsVersion="4.0" xmlns="http://schemas.microsoft.com/developer/msbuild/2003">
  <ItemGroup>
    <Filter Include="Framework">
      <UniqueIdentifier>{4FC737F1-C7A5-4376-A066-2A32D752A2FF}</UniqueIdentifier>
      <Extensions>cpp;c;cc;cxx;def;odl;idl;hpj;bat;asm;asmx</Extensions>
    </Filter>
    <Filter Include="Data">
      <UniqueIdentifier>{b4204586-61ca-42c8-b1ae-0f9f3c66982d}</UniqueIdentifier>
    </Filter>
    <Filter Include="Data\Gameplay">
      <UniqueIdentifier>{c91a7c1f-0c87-4c6d-bfea-b9b881719014}</UniqueIdentifier>
    </Filter>
  </ItemGroup>
  <ItemGroup>
    <ClCompile Include="Main_Windows.cpp">
      <Filter>Framework</Filter>
    </ClCompile>
    <ClCompile Include="App.cpp">
      <Filter>Framework</Filter>
    </ClCompile>
    <ClCompile Include="Game.cpp">
      <Filter>Framework</Filter>
    </ClCompile>
    <ClCompile Include="Entity.cpp">
      <Filter>Framework</Filter>
    </ClCompile>
    <ClCompile Include="GameCommon.cpp">
      <Filter>Framework</Filter>
    </ClCompile>
    <ClCompile Include="Map.cpp">
      <Filter>Framework</Filter>
    </ClCompile>
    <ClCompile Include="Tile.cpp">
      <Filter>Framework</Filter>
    </ClCompile>
    <ClCompile Include="World.cpp">
      <Filter>Framework</Filter>
    </ClCompile>
    <ClCompile Include="TileDefinition.cpp">
      <Filter>Framework</Filter>
    </ClCompile>
    <ClCompile Include="MapDefinition.cpp">
      <Filter>Framework</Filter>
    </ClCompile>
    <ClCompile Include="Actor.cpp">
      <Filter>Framework</Filter>
    </ClCompile>
    <ClCompile Include="ActorDefinition.cpp">
      <Filter>Framework</Filter>
    </ClCompile>
    <ClCompile Include="MapGenStep.cpp">
      <Filter>Framework</Filter>
    </ClCompile>
    <ClCompile Include="MapGenStep_Mutate.cpp">
      <Filter>Framework</Filter>
    </ClCompile>
    <ClCompile Include="EntityDefinition.cpp">
      <Filter>Framework</Filter>
    </ClCompile>
    <ClCompile Include="MapGenStep_Worm.cpp">
      <Filter>Framework</Filter>
    </ClCompile>
    <ClCompile Include="MapGenStep_CellularAutomata.cpp">
      <Filter>Framework</Filter>
    </ClCompile>
    <ClCompile Include="MapGenStep_FromImage.cpp">
      <Filter>Framework</Filter>
    </ClCompile>
    <ClCompile Include="MapGenStep_RoomsAndPaths.cpp">
      <Filter>Framework</Filter>
    </ClCompile>
    <ClCompile Include="SpriteAnimSetDefinition.cpp">
      <Filter>Framework</Filter>
    </ClCompile>
  </ItemGroup>
  <ItemGroup>
    <ClInclude Include="App.hpp">
      <Filter>Framework</Filter>
    </ClInclude>
    <ClInclude Include="GameCommon.hpp">
      <Filter>Framework</Filter>
    </ClInclude>
    <ClInclude Include="Game.hpp">
      <Filter>Framework</Filter>
    </ClInclude>
    <ClInclude Include="Entity.hpp">
      <Filter>Framework</Filter>
    </ClInclude>
    <ClInclude Include="Map.hpp">
      <Filter>Framework</Filter>
    </ClInclude>
    <ClInclude Include="Tile.hpp">
      <Filter>Framework</Filter>
    </ClInclude>
    <ClInclude Include="World.hpp">
      <Filter>Framework</Filter>
    </ClInclude>
    <ClInclude Include="EngineBuildPreferences.hpp">
      <Filter>Framework</Filter>
    </ClInclude>
    <ClInclude Include="TileDefinition.hpp">
      <Filter>Framework</Filter>
    </ClInclude>
    <ClInclude Include="MapDefinition.hpp">
      <Filter>Framework</Filter>
    </ClInclude>
    <ClInclude Include="Actor.hpp">
      <Filter>Framework</Filter>
    </ClInclude>
    <ClInclude Include="ActorDefinition.hpp">
      <Filter>Framework</Filter>
    </ClInclude>
    <ClInclude Include="MapGenStep.hpp">
      <Filter>Framework</Filter>
    </ClInclude>
    <ClInclude Include="MapGenStep_Mutate.hpp">
      <Filter>Framework</Filter>
    </ClInclude>
    <ClInclude Include="EntityDefinition.hpp">
      <Filter>Framework</Filter>
    </ClInclude>
    <ClInclude Include="MapGenStep_Worm.hpp">
      <Filter>Framework</Filter>
    </ClInclude>
    <ClInclude Include="MapGenStep_CellularAutomata.hpp">
      <Filter>Framework</Filter>
    </ClInclude>
    <ClInclude Include="MapGenStep_FromImage.hpp">
      <Filter>Framework</Filter>
    </ClInclude>
    <ClInclude Include="MapGenStep_RoomsAndPaths.hpp">
      <Filter>Framework</Filter>
    </ClInclude>
    <ClInclude Include="SpriteAnimSetDefinition.hpp">
      <Filter>Framework</Filter>
    </ClInclude>
  </ItemGroup>
  <ItemGroup>
    <Xml Include="..\..\Run\Data\GameConfig.xml">
      <Filter>Data</Filter>
    </Xml>
    <Xml Include="..\..\Run\Data\Gameplay\ActorDefs.xml">
      <Filter>Data\Gameplay</Filter>
    </Xml>
    <Xml Include="..\..\Run\Data\Gameplay\AdventureDefs.xml">
      <Filter>Data\Gameplay</Filter>
    </Xml>
    <Xml Include="..\..\Run\Data\Gameplay\MapDefs.xml">
      <Filter>Data\Gameplay</Filter>
    </Xml>
    <Xml Include="..\..\Run\Data\Gameplay\PortalDefs.xml">
      <Filter>Data\Gameplay</Filter>
    </Xml>
    <Xml Include="..\..\Run\Data\Gameplay\ProjectileDefs.xml">
      <Filter>Data\Gameplay</Filter>
    </Xml>
    <Xml Include="..\..\Run\Data\Gameplay\TileDefs.xml">
      <Filter>Data\Gameplay</Filter>
    </Xml>
  </ItemGroup>
</Project>